
Microsoft Visual Studio Solution File, Format Version 12.00
Project("{FAE04EC0-301F-11D3-BF4B-00C04F79EFBC}") = "UTechLeague24.Backend.Api", "UTechLeague24.Backend.Api\UTechLeague24.Backend.Api.csproj", "{A43DDDF3-6E4C-412A-B4F8-0CF4CB5D31EB}"
EndProject
Project("{2150E333-8FDC-42A3-9474-1A3956D46DE8}") = "Solution Items", "Solution Items", "{74BDD7AD-8665-4328-880F-C87541AE09D9}"
	ProjectSection(SolutionItems) = preProject
		docker-compose.yml = docker-compose.yml
	EndProjectSection
EndProject
Global
	GlobalSection(SolutionConfigurationPlatforms) = preSolution
		Debug|Any CPU = Debug|Any CPU
		Release|Any CPU = Release|Any CPU
	EndGlobalSection
	GlobalSection(ProjectConfigurationPlatforms) = postSolution
		{A43DDDF3-6E4C-412A-B4F8-0CF4CB5D31EB}.Debug|Any CPU.ActiveCfg = Debug|Any CPU
		{A43DDDF3-6E4C-412A-B4F8-0CF4CB5D31EB}.Debug|Any CPU.Build.0 = Debug|Any CPU
		{A43DDDF3-6E4C-412A-B4F8-0CF4CB5D31EB}.Release|Any CPU.ActiveCfg = Release|Any CPU
		{A43DDDF3-6E4C-412A-B4F8-0CF4CB5D31EB}.Release|Any CPU.Build.0 = Release|Any CPU
	EndGlobalSection
EndGlobal
